// !$*UTF8*$!
{
	archiveVersion = 1;
	classes = {
	};
	objectVersion = 56;
	objects = {

/* Begin PBXBuildFile section */
		63698C62298C088000245511 /* AppDelegate.swift in Sources */ = {isa = PBXBuildFile; fileRef = 63698C61298C088000245511 /* AppDelegate.swift */; };
		63698C64298C088000245511 /* SceneDelegate.swift in Sources */ = {isa = PBXBuildFile; fileRef = 63698C63298C088000245511 /* SceneDelegate.swift */; };
		63698C66298C088000245511 /* MainScreenViewController.swift in Sources */ = {isa = PBXBuildFile; fileRef = 63698C65298C088000245511 /* MainScreenViewController.swift */; };
		63698C69298C088000245511 /* Main.storyboard in Resources */ = {isa = PBXBuildFile; fileRef = 63698C67298C088000245511 /* Main.storyboard */; };
		63698C6B298C088400245511 /* Assets.xcassets in Resources */ = {isa = PBXBuildFile; fileRef = 63698C6A298C088400245511 /* Assets.xcassets */; };
		63698C6E298C088400245511 /* LaunchScreen.storyboard in Resources */ = {isa = PBXBuildFile; fileRef = 63698C6C298C088400245511 /* LaunchScreen.storyboard */; };
		63EDCEF3298C0F3F00B52114 /* MainScreenViewModel.swift in Sources */ = {isa = PBXBuildFile; fileRef = 63EDCEF2298C0F3F00B52114 /* MainScreenViewModel.swift */; };
		63EDCEFA298C1BB700B52114 /* Service.swift in Sources */ = {isa = PBXBuildFile; fileRef = 63EDCEF9298C1BB700B52114 /* Service.swift */; };
		63EDCEFD298C1C0900B52114 /* ImageListApi.swift in Sources */ = {isa = PBXBuildFile; fileRef = 63EDCEFC298C1C0900B52114 /* ImageListApi.swift */; };
		63EDCF00298C96BC00B52114 /* Config.swift in Sources */ = {isa = PBXBuildFile; fileRef = 63EDCEFF298C96BC00B52114 /* Config.swift */; };
		63EDCF03298C9F1200B52114 /* ImageListResponse.swift in Sources */ = {isa = PBXBuildFile; fileRef = 63EDCF02298C9F1200B52114 /* ImageListResponse.swift */; };
		63F15FA4298CAD4500B46231 /* MainScreenApiTest.swift in Sources */ = {isa = PBXBuildFile; fileRef = 63F15FA3298CAD4500B46231 /* MainScreenApiTest.swift */; };
		63F15FA6298CAE4200B46231 /* MainScreenVMTest.swift in Sources */ = {isa = PBXBuildFile; fileRef = 63F15FA5298CAE4200B46231 /* MainScreenVMTest.swift */; };
		63F15FAB298CB64200B46231 /* ListImageTableViewCell.swift in Sources */ = {isa = PBXBuildFile; fileRef = 63F15FA9298CB64200B46231 /* ListImageTableViewCell.swift */; };
		63F15FAC298CB64200B46231 /* ListImageTableViewCell.xib in Resources */ = {isa = PBXBuildFile; fileRef = 63F15FAA298CB64200B46231 /* ListImageTableViewCell.xib */; };
		63F15FAF298CB6A400B46231 /* UITableViewCell+Extension.swift in Sources */ = {isa = PBXBuildFile; fileRef = 63F15FAE298CB6A400B46231 /* UITableViewCell+Extension.swift */; };
		63F15FB1298CC3E700B46231 /* UIImageView+Extension.swift in Sources */ = {isa = PBXBuildFile; fileRef = 63F15FB0298CC3E700B46231 /* UIImageView+Extension.swift */; };
		63F15FB4298D7BDB00B46231 /* Detail.storyboard in Resources */ = {isa = PBXBuildFile; fileRef = 63F15FB3298D7BDB00B46231 /* Detail.storyboard */; };
		63F15FB6298D7BF600B46231 /* DetailScreenViewController.swift in Sources */ = {isa = PBXBuildFile; fileRef = 63F15FB5298D7BF600B46231 /* DetailScreenViewController.swift */; };
		63F15FBB298D8B2500B46231 /* nouns.json in Resources */ = {isa = PBXBuildFile; fileRef = 63F15FBA298D8B2500B46231 /* nouns.json */; };
		63F15FBD298D8B4A00B46231 /* verbs.json in Resources */ = {isa = PBXBuildFile; fileRef = 63F15FBC298D8B4A00B46231 /* verbs.json */; };
		63F15FC1298D8D1000B46231 /* CommentGenerator.swift in Sources */ = {isa = PBXBuildFile; fileRef = 63F15FC0298D8D1000B46231 /* CommentGenerator.swift */; };
		63F15FC3298D8D7500B46231 /* lastNames.json in Resources */ = {isa = PBXBuildFile; fileRef = 63F15FC2298D8D7500B46231 /* lastNames.json */; };
		63F15FC5298D8DB600B46231 /* firstNames.json in Resources */ = {isa = PBXBuildFile; fileRef = 63F15FC4298D8DB600B46231 /* firstNames.json */; };
		63F15FC8298D8EF100B46231 /* CommentGeneratorResourceTest.swift in Sources */ = {isa = PBXBuildFile; fileRef = 63F15FC7298D8EF000B46231 /* CommentGeneratorResourceTest.swift */; };
		63F15FC9298D95FA00B46231 /* nouns.json in Resources */ = {isa = PBXBuildFile; fileRef = 63F15FBA298D8B2500B46231 /* nouns.json */; };
		63F15FCA298D960F00B46231 /* verbs.json in Resources */ = {isa = PBXBuildFile; fileRef = 63F15FBC298D8B4A00B46231 /* verbs.json */; };
		63F15FCB298D961200B46231 /* lastNames.json in Resources */ = {isa = PBXBuildFile; fileRef = 63F15FC2298D8D7500B46231 /* lastNames.json */; };
		63F15FCC298D961700B46231 /* firstNames.json in Resources */ = {isa = PBXBuildFile; fileRef = 63F15FC4298D8DB600B46231 /* firstNames.json */; };
		63F15FCE298D96E300B46231 /* ResourceCommentTest.swift in Sources */ = {isa = PBXBuildFile; fileRef = 63F15FCD298D96E300B46231 /* ResourceCommentTest.swift */; };
		63F15FD0298DA13400B46231 /* Comment.swift in Sources */ = {isa = PBXBuildFile; fileRef = 63F15FCF298DA13400B46231 /* Comment.swift */; };
		63F15FD1298DA13400B46231 /* Comment.swift in Sources */ = {isa = PBXBuildFile; fileRef = 63F15FCF298DA13400B46231 /* Comment.swift */; };
		63F15FD4298DA57100B46231 /* CommentTableViewCell.swift in Sources */ = {isa = PBXBuildFile; fileRef = 63F15FD2298DA57100B46231 /* CommentTableViewCell.swift */; };
		63F15FD5298DA57100B46231 /* CommentTableViewCell.xib in Resources */ = {isa = PBXBuildFile; fileRef = 63F15FD3298DA57100B46231 /* CommentTableViewCell.xib */; };
		63F15FD7298DBF1800B46231 /* DetailScreenViewModel.swift in Sources */ = {isa = PBXBuildFile; fileRef = 63F15FD6298DBF1800B46231 /* DetailScreenViewModel.swift */; };
		63F15FD8298DBF1800B46231 /* DetailScreenViewModel.swift in Sources */ = {isa = PBXBuildFile; fileRef = 63F15FD6298DBF1800B46231 /* DetailScreenViewModel.swift */; };
		63F15FDA298DC34900B46231 /* DetailHeaderView.swift in Sources */ = {isa = PBXBuildFile; fileRef = 63F15FD9298DC34900B46231 /* DetailHeaderView.swift */; };
		63F15FDC298DD6ED00B46231 /* DetailViewModelTest.swift in Sources */ = {isa = PBXBuildFile; fileRef = 63F15FDB298DD6ED00B46231 /* DetailViewModelTest.swift */; };
		63F15FDD298EAE1600B46231 /* CommentTableViewCell.swift in Sources */ = {isa = PBXBuildFile; fileRef = 63F15FD2298DA57100B46231 /* CommentTableViewCell.swift */; };
		63F15FE1298F52A500B46231 /* ImageBrowser.xcdatamodeld in Sources */ = {isa = PBXBuildFile; fileRef = 63F15FDF298F52A500B46231 /* ImageBrowser.xcdatamodeld */; };
		63F15FE3298F558500B46231 /* CoreDataManager.swift in Sources */ = {isa = PBXBuildFile; fileRef = 63F15FE2298F558500B46231 /* CoreDataManager.swift */; };
		63F15FE4298F558500B46231 /* CoreDataManager.swift in Sources */ = {isa = PBXBuildFile; fileRef = 63F15FE2298F558500B46231 /* CoreDataManager.swift */; };
		63F15FE6298F55D700B46231 /* DetailCommentProvider.swift in Sources */ = {isa = PBXBuildFile; fileRef = 63F15FE5298F55D700B46231 /* DetailCommentProvider.swift */; };
		63F15FE7298F55D700B46231 /* DetailCommentProvider.swift in Sources */ = {isa = PBXBuildFile; fileRef = 63F15FE5298F55D700B46231 /* DetailCommentProvider.swift */; };
		63F15FE9298F579A00B46231 /* DetailCommentProviderTest.swift in Sources */ = {isa = PBXBuildFile; fileRef = 63F15FE8298F579A00B46231 /* DetailCommentProviderTest.swift */; };
		63F15FEA298FA14B00B46231 /* Config.swift in Sources */ = {isa = PBXBuildFile; fileRef = 63EDCEFF298C96BC00B52114 /* Config.swift */; };
		63F15FEC298FAA0100B46231 /* RelativeDate.swift in Sources */ = {isa = PBXBuildFile; fileRef = 63F15FEB298FAA0100B46231 /* RelativeDate.swift */; };
		63F15FED298FAA0100B46231 /* RelativeDate.swift in Sources */ = {isa = PBXBuildFile; fileRef = 63F15FEB298FAA0100B46231 /* RelativeDate.swift */; };
		63F15FEF298FAA6700B46231 /* RelativeDateTest.swift in Sources */ = {isa = PBXBuildFile; fileRef = 63F15FEE298FAA6700B46231 /* RelativeDateTest.swift */; };
		63F15FF0298FB46400B46231 /* CommentGenerator.swift in Sources */ = {isa = PBXBuildFile; fileRef = 63F15FC0298D8D1000B46231 /* CommentGenerator.swift */; };
		63F15FF1298FE70A00B46231 /* MainScreenViewModel.swift in Sources */ = {isa = PBXBuildFile; fileRef = 63EDCEF2298C0F3F00B52114 /* MainScreenViewModel.swift */; };
		63F15FF2298FE73100B46231 /* ImageListApi.swift in Sources */ = {isa = PBXBuildFile; fileRef = 63EDCEFC298C1C0900B52114 /* ImageListApi.swift */; };
		63F15FF3298FE74700B46231 /* ImageListResponse.swift in Sources */ = {isa = PBXBuildFile; fileRef = 63EDCF02298C9F1200B52114 /* ImageListResponse.swift */; };
		63F15FF4298FE75900B46231 /* Service.swift in Sources */ = {isa = PBXBuildFile; fileRef = 63EDCEF9298C1BB700B52114 /* Service.swift */; };
/* End PBXBuildFile section */

/* Begin PBXContainerItemProxy section */
		63F15F9E298CAD1B00B46231 /* PBXContainerItemProxy */ = {
			isa = PBXContainerItemProxy;
			containerPortal = 63698C56298C088000245511 /* Project object */;
			proxyType = 1;
			remoteGlobalIDString = 63698C5D298C088000245511;
			remoteInfo = "Image Browser";
		};
/* End PBXContainerItemProxy section */

/* Begin PBXFileReference section */
		63698C5E298C088000245511 /* Image Browser.app */ = {isa = PBXFileReference; explicitFileType = wrapper.application; includeInIndex = 0; path = "Image Browser.app"; sourceTree = BUILT_PRODUCTS_DIR; };
		63698C61298C088000245511 /* AppDelegate.swift */ = {isa = PBXFileReference; lastKnownFileType = sourcecode.swift; path = AppDelegate.swift; sourceTree = "<group>"; };
		63698C63298C088000245511 /* SceneDelegate.swift */ = {isa = PBXFileReference; lastKnownFileType = sourcecode.swift; path = SceneDelegate.swift; sourceTree = "<group>"; };
		63698C65298C088000245511 /* MainScreenViewController.swift */ = {isa = PBXFileReference; lastKnownFileType = sourcecode.swift; path = MainScreenViewController.swift; sourceTree = "<group>"; };
		63698C68298C088000245511 /* Base */ = {isa = PBXFileReference; lastKnownFileType = file.storyboard; name = Base; path = Base.lproj/Main.storyboard; sourceTree = "<group>"; };
		63698C6A298C088400245511 /* Assets.xcassets */ = {isa = PBXFileReference; lastKnownFileType = folder.assetcatalog; path = Assets.xcassets; sourceTree = "<group>"; };
		63698C6D298C088400245511 /* Base */ = {isa = PBXFileReference; lastKnownFileType = file.storyboard; name = Base; path = Base.lproj/LaunchScreen.storyboard; sourceTree = "<group>"; };
		63698C6F298C088400245511 /* Info.plist */ = {isa = PBXFileReference; lastKnownFileType = text.plist.xml; path = Info.plist; sourceTree = "<group>"; };
		63EDCEF2298C0F3F00B52114 /* MainScreenViewModel.swift */ = {isa = PBXFileReference; lastKnownFileType = sourcecode.swift; path = MainScreenViewModel.swift; sourceTree = "<group>"; };
		63EDCEF9298C1BB700B52114 /* Service.swift */ = {isa = PBXFileReference; lastKnownFileType = sourcecode.swift; path = Service.swift; sourceTree = "<group>"; };
		63EDCEFC298C1C0900B52114 /* ImageListApi.swift */ = {isa = PBXFileReference; lastKnownFileType = sourcecode.swift; path = ImageListApi.swift; sourceTree = "<group>"; };
		63EDCEFF298C96BC00B52114 /* Config.swift */ = {isa = PBXFileReference; lastKnownFileType = sourcecode.swift; path = Config.swift; sourceTree = "<group>"; };
		63EDCF02298C9F1200B52114 /* ImageListResponse.swift */ = {isa = PBXFileReference; lastKnownFileType = sourcecode.swift; path = ImageListResponse.swift; sourceTree = "<group>"; };
		63F15F9A298CAD1B00B46231 /* Image BrowserTests.xctest */ = {isa = PBXFileReference; explicitFileType = wrapper.cfbundle; includeInIndex = 0; path = "Image BrowserTests.xctest"; sourceTree = BUILT_PRODUCTS_DIR; };
		63F15FA3298CAD4500B46231 /* MainScreenApiTest.swift */ = {isa = PBXFileReference; lastKnownFileType = sourcecode.swift; path = MainScreenApiTest.swift; sourceTree = "<group>"; };
		63F15FA5298CAE4200B46231 /* MainScreenVMTest.swift */ = {isa = PBXFileReference; lastKnownFileType = sourcecode.swift; path = MainScreenVMTest.swift; sourceTree = "<group>"; };
		63F15FA9298CB64200B46231 /* ListImageTableViewCell.swift */ = {isa = PBXFileReference; lastKnownFileType = sourcecode.swift; path = ListImageTableViewCell.swift; sourceTree = "<group>"; };
		63F15FAA298CB64200B46231 /* ListImageTableViewCell.xib */ = {isa = PBXFileReference; lastKnownFileType = file.xib; path = ListImageTableViewCell.xib; sourceTree = "<group>"; };
		63F15FAE298CB6A400B46231 /* UITableViewCell+Extension.swift */ = {isa = PBXFileReference; lastKnownFileType = sourcecode.swift; path = "UITableViewCell+Extension.swift"; sourceTree = "<group>"; };
		63F15FB0298CC3E700B46231 /* UIImageView+Extension.swift */ = {isa = PBXFileReference; lastKnownFileType = sourcecode.swift; path = "UIImageView+Extension.swift"; sourceTree = "<group>"; };
		63F15FB3298D7BDB00B46231 /* Detail.storyboard */ = {isa = PBXFileReference; lastKnownFileType = file.storyboard; path = Detail.storyboard; sourceTree = "<group>"; };
		63F15FB5298D7BF600B46231 /* DetailScreenViewController.swift */ = {isa = PBXFileReference; lastKnownFileType = sourcecode.swift; path = DetailScreenViewController.swift; sourceTree = "<group>"; };
		63F15FBA298D8B2500B46231 /* nouns.json */ = {isa = PBXFileReference; lastKnownFileType = text.json; path = nouns.json; sourceTree = "<group>"; };
		63F15FBC298D8B4A00B46231 /* verbs.json */ = {isa = PBXFileReference; lastKnownFileType = text.json; path = verbs.json; sourceTree = "<group>"; };
		63F15FC0298D8D1000B46231 /* CommentGenerator.swift */ = {isa = PBXFileReference; lastKnownFileType = sourcecode.swift; path = CommentGenerator.swift; sourceTree = "<group>"; };
		63F15FC2298D8D7500B46231 /* lastNames.json */ = {isa = PBXFileReference; lastKnownFileType = text.json; path = lastNames.json; sourceTree = "<group>"; };
		63F15FC4298D8DB600B46231 /* firstNames.json */ = {isa = PBXFileReference; lastKnownFileType = text.json; path = firstNames.json; sourceTree = "<group>"; };
		63F15FC7298D8EF000B46231 /* CommentGeneratorResourceTest.swift */ = {isa = PBXFileReference; lastKnownFileType = sourcecode.swift; path = CommentGeneratorResourceTest.swift; sourceTree = "<group>"; };
		63F15FCD298D96E300B46231 /* ResourceCommentTest.swift */ = {isa = PBXFileReference; lastKnownFileType = sourcecode.swift; path = ResourceCommentTest.swift; sourceTree = "<group>"; };
		63F15FCF298DA13400B46231 /* Comment.swift */ = {isa = PBXFileReference; lastKnownFileType = sourcecode.swift; path = Comment.swift; sourceTree = "<group>"; };
		63F15FD2298DA57100B46231 /* CommentTableViewCell.swift */ = {isa = PBXFileReference; lastKnownFileType = sourcecode.swift; path = CommentTableViewCell.swift; sourceTree = "<group>"; };
		63F15FD3298DA57100B46231 /* CommentTableViewCell.xib */ = {isa = PBXFileReference; lastKnownFileType = file.xib; path = CommentTableViewCell.xib; sourceTree = "<group>"; };
		63F15FD6298DBF1800B46231 /* DetailScreenViewModel.swift */ = {isa = PBXFileReference; lastKnownFileType = sourcecode.swift; path = DetailScreenViewModel.swift; sourceTree = "<group>"; };
		63F15FD9298DC34900B46231 /* DetailHeaderView.swift */ = {isa = PBXFileReference; lastKnownFileType = sourcecode.swift; path = DetailHeaderView.swift; sourceTree = "<group>"; };
		63F15FDB298DD6ED00B46231 /* DetailViewModelTest.swift */ = {isa = PBXFileReference; lastKnownFileType = sourcecode.swift; path = DetailViewModelTest.swift; sourceTree = "<group>"; };
		63F15FE0298F52A500B46231 /* ImageBrowser.xcdatamodel */ = {isa = PBXFileReference; lastKnownFileType = wrapper.xcdatamodel; path = ImageBrowser.xcdatamodel; sourceTree = "<group>"; };
		63F15FE2298F558500B46231 /* CoreDataManager.swift */ = {isa = PBXFileReference; lastKnownFileType = sourcecode.swift; path = CoreDataManager.swift; sourceTree = "<group>"; };
		63F15FE5298F55D700B46231 /* DetailCommentProvider.swift */ = {isa = PBXFileReference; lastKnownFileType = sourcecode.swift; path = DetailCommentProvider.swift; sourceTree = "<group>"; };
		63F15FE8298F579A00B46231 /* DetailCommentProviderTest.swift */ = {isa = PBXFileReference; lastKnownFileType = sourcecode.swift; path = DetailCommentProviderTest.swift; sourceTree = "<group>"; };
		63F15FEB298FAA0100B46231 /* RelativeDate.swift */ = {isa = PBXFileReference; lastKnownFileType = sourcecode.swift; path = RelativeDate.swift; sourceTree = "<group>"; };
		63F15FEE298FAA6700B46231 /* RelativeDateTest.swift */ = {isa = PBXFileReference; lastKnownFileType = sourcecode.swift; path = RelativeDateTest.swift; sourceTree = "<group>"; };
/* End PBXFileReference section */

/* Begin PBXFrameworksBuildPhase section */
		63698C5B298C088000245511 /* Frameworks */ = {
			isa = PBXFrameworksBuildPhase;
			buildActionMask = 2147483647;
			files = (
			);
			runOnlyForDeploymentPostprocessing = 0;
		};
		63F15F97298CAD1B00B46231 /* Frameworks */ = {
			isa = PBXFrameworksBuildPhase;
			buildActionMask = 2147483647;
			files = (
			);
			runOnlyForDeploymentPostprocessing = 0;
		};
/* End PBXFrameworksBuildPhase section */

/* Begin PBXGroup section */
		63698C55298C088000245511 = {
			isa = PBXGroup;
			children = (
				63698C60298C088000245511 /* Image Browser */,
				63F15F9B298CAD1B00B46231 /* Image BrowserTests */,
				63698C5F298C088000245511 /* Products */,
			);
			sourceTree = "<group>";
		};
		63698C5F298C088000245511 /* Products */ = {
			isa = PBXGroup;
			children = (
				63698C5E298C088000245511 /* Image Browser.app */,
				63F15F9A298CAD1B00B46231 /* Image BrowserTests.xctest */,
			);
			name = Products;
			sourceTree = "<group>";
		};
		63698C60298C088000245511 /* Image Browser */ = {
			isa = PBXGroup;
			children = (
				63F15FDE298EB00D00B46231 /* Local Storage */,
				63F15FBE298D8C9800B46231 /* Helpers */,
				63F15FAD298CB68300B46231 /* Extensions */,
				63EDCEF8298C1ABE00B52114 /* Network */,
				63EDCEE3298C0BF200B52114 /* Modules */,
				63EDCEE2298C0BAC00B52114 /* Base */,
				63698C6F298C088400245511 /* Info.plist */,
			);
			path = "Image Browser";
			sourceTree = "<group>";
		};
		63EDCEE2298C0BAC00B52114 /* Base */ = {
			isa = PBXGroup;
			children = (
				63698C6A298C088400245511 /* Assets.xcassets */,
				63698C61298C088000245511 /* AppDelegate.swift */,
				63698C63298C088000245511 /* SceneDelegate.swift */,
				63698C6C298C088400245511 /* LaunchScreen.storyboard */,
			);
			path = Base;
			sourceTree = "<group>";
		};
		63EDCEE3298C0BF200B52114 /* Modules */ = {
			isa = PBXGroup;
			children = (
				63F15FB2298D7BC000B46231 /* Detail Screen */,
				63EDCEE4298C0BFA00B52114 /* Main Screen */,
			);
			path = Modules;
			sourceTree = "<group>";
		};
		63EDCEE4298C0BFA00B52114 /* Main Screen */ = {
			isa = PBXGroup;
			children = (
				63F15FA8298CB61700B46231 /* View */,
				63698C65298C088000245511 /* MainScreenViewController.swift */,
				63EDCEF2298C0F3F00B52114 /* MainScreenViewModel.swift */,
				63EDCEFC298C1C0900B52114 /* ImageListApi.swift */,
				63EDCF02298C9F1200B52114 /* ImageListResponse.swift */,
			);
			path = "Main Screen";
			sourceTree = "<group>";
		};
		63EDCEF8298C1ABE00B52114 /* Network */ = {
			isa = PBXGroup;
			children = (
				63EDCEF9298C1BB700B52114 /* Service.swift */,
				63EDCEFF298C96BC00B52114 /* Config.swift */,
			);
			path = Network;
			sourceTree = "<group>";
		};
		63F15F9B298CAD1B00B46231 /* Image BrowserTests */ = {
			isa = PBXGroup;
			children = (
				63F15FC6298D8ECD00B46231 /* Comment Generator */,
				63F15FB8298D89F000B46231 /* Detail Screen */,
				63F15FA7298CB4DB00B46231 /* Main Screen */,
			);
			path = "Image BrowserTests";
			sourceTree = "<group>";
		};
		63F15FA7298CB4DB00B46231 /* Main Screen */ = {
			isa = PBXGroup;
			children = (
				63F15FA3298CAD4500B46231 /* MainScreenApiTest.swift */,
				63F15FA5298CAE4200B46231 /* MainScreenVMTest.swift */,
			);
			path = "Main Screen";
			sourceTree = "<group>";
		};
		63F15FA8298CB61700B46231 /* View */ = {
			isa = PBXGroup;
			children = (
				63698C67298C088000245511 /* Main.storyboard */,
				63F15FA9298CB64200B46231 /* ListImageTableViewCell.swift */,
				63F15FAA298CB64200B46231 /* ListImageTableViewCell.xib */,
			);
			path = View;
			sourceTree = "<group>";
		};
		63F15FAD298CB68300B46231 /* Extensions */ = {
			isa = PBXGroup;
			children = (
				63F15FAE298CB6A400B46231 /* UITableViewCell+Extension.swift */,
				63F15FB0298CC3E700B46231 /* UIImageView+Extension.swift */,
			);
			path = Extensions;
			sourceTree = "<group>";
		};
		63F15FB2298D7BC000B46231 /* Detail Screen */ = {
			isa = PBXGroup;
			children = (
				63F15FB7298D7C1E00B46231 /* View */,
				63F15FB5298D7BF600B46231 /* DetailScreenViewController.swift */,
				63F15FD6298DBF1800B46231 /* DetailScreenViewModel.swift */,
				63F15FE5298F55D700B46231 /* DetailCommentProvider.swift */,
			);
			path = "Detail Screen";
			sourceTree = "<group>";
		};
		63F15FB7298D7C1E00B46231 /* View */ = {
			isa = PBXGroup;
			children = (
				63F15FB3298D7BDB00B46231 /* Detail.storyboard */,
				63F15FD2298DA57100B46231 /* CommentTableViewCell.swift */,
				63F15FD3298DA57100B46231 /* CommentTableViewCell.xib */,
				63F15FD9298DC34900B46231 /* DetailHeaderView.swift */,
			);
			path = View;
			sourceTree = "<group>";
		};
		63F15FB8298D89F000B46231 /* Detail Screen */ = {
			isa = PBXGroup;
			children = (
				63F15FDB298DD6ED00B46231 /* DetailViewModelTest.swift */,
				63F15FE8298F579A00B46231 /* DetailCommentProviderTest.swift */,
			);
			path = "Detail Screen";
			sourceTree = "<group>";
		};
		63F15FB9298D8B0100B46231 /* Resources */ = {
			isa = PBXGroup;
			children = (
				63F15FBA298D8B2500B46231 /* nouns.json */,
				63F15FBC298D8B4A00B46231 /* verbs.json */,
				63F15FC2298D8D7500B46231 /* lastNames.json */,
				63F15FC4298D8DB600B46231 /* firstNames.json */,
			);
			path = Resources;
			sourceTree = "<group>";
		};
		63F15FBE298D8C9800B46231 /* Helpers */ = {
			isa = PBXGroup;
			children = (
				63F15FBF298D8CD400B46231 /* Comment */,
				63F15FEB298FAA0100B46231 /* RelativeDate.swift */,
			);
			path = Helpers;
			sourceTree = "<group>";
		};
		63F15FBF298D8CD400B46231 /* Comment */ = {
			isa = PBXGroup;
			children = (
				63F15FB9298D8B0100B46231 /* Resources */,
				63F15FC0298D8D1000B46231 /* CommentGenerator.swift */,
				63F15FCF298DA13400B46231 /* Comment.swift */,
			);
			path = Comment;
			sourceTree = "<group>";
		};
		63F15FC6298D8ECD00B46231 /* Comment Generator */ = {
			isa = PBXGroup;
			children = (
				63F15FC7298D8EF000B46231 /* CommentGeneratorResourceTest.swift */,
				63F15FCD298D96E300B46231 /* ResourceCommentTest.swift */,
				63F15FEE298FAA6700B46231 /* RelativeDateTest.swift */,
			);
			path = "Comment Generator";
			sourceTree = "<group>";
		};
		63F15FDE298EB00D00B46231 /* Local Storage */ = {
			isa = PBXGroup;
			children = (
				63F15FDF298F52A500B46231 /* ImageBrowser.xcdatamodeld */,
				63F15FE2298F558500B46231 /* CoreDataManager.swift */,
			);
			path = "Local Storage";
			sourceTree = "<group>";
		};
/* End PBXGroup section */

/* Begin PBXNativeTarget section */
		63698C5D298C088000245511 /* Image Browser */ = {
			isa = PBXNativeTarget;
			buildConfigurationList = 63698C72298C088400245511 /* Build configuration list for PBXNativeTarget "Image Browser" */;
			buildPhases = (
				63698C5A298C088000245511 /* Sources */,
				63698C5B298C088000245511 /* Frameworks */,
				63698C5C298C088000245511 /* Resources */,
			);
			buildRules = (
			);
			dependencies = (
			);
			name = "Image Browser";
			productName = "Image Browser";
			productReference = 63698C5E298C088000245511 /* Image Browser.app */;
			productType = "com.apple.product-type.application";
		};
		63F15F99298CAD1B00B46231 /* Image BrowserTests */ = {
			isa = PBXNativeTarget;
			buildConfigurationList = 63F15FA0298CAD1B00B46231 /* Build configuration list for PBXNativeTarget "Image BrowserTests" */;
			buildPhases = (
				63F15F96298CAD1B00B46231 /* Sources */,
				63F15F97298CAD1B00B46231 /* Frameworks */,
				63F15F98298CAD1B00B46231 /* Resources */,
			);
			buildRules = (
			);
			dependencies = (
				63F15F9F298CAD1B00B46231 /* PBXTargetDependency */,
			);
			name = "Image BrowserTests";
			productName = "Image BrowserTests";
			productReference = 63F15F9A298CAD1B00B46231 /* Image BrowserTests.xctest */;
			productType = "com.apple.product-type.bundle.unit-test";
		};
/* End PBXNativeTarget section */

/* Begin PBXProject section */
		63698C56298C088000245511 /* Project object */ = {
			isa = PBXProject;
			attributes = {
				BuildIndependentTargetsInParallel = 1;
				LastSwiftUpdateCheck = 1420;
				LastUpgradeCheck = 1420;
				TargetAttributes = {
					63698C5D298C088000245511 = {
						CreatedOnToolsVersion = 14.2;
					};
					63F15F99298CAD1B00B46231 = {
						CreatedOnToolsVersion = 14.2;
						TestTargetID = 63698C5D298C088000245511;
					};
				};
			};
			buildConfigurationList = 63698C59298C088000245511 /* Build configuration list for PBXProject "Image Browser" */;
			compatibilityVersion = "Xcode 14.0";
			developmentRegion = en;
			hasScannedForEncodings = 0;
			knownRegions = (
				en,
				Base,
			);
			mainGroup = 63698C55298C088000245511;
			productRefGroup = 63698C5F298C088000245511 /* Products */;
			projectDirPath = "";
			projectRoot = "";
			targets = (
				63698C5D298C088000245511 /* Image Browser */,
				63F15F99298CAD1B00B46231 /* Image BrowserTests */,
			);
		};
/* End PBXProject section */

/* Begin PBXResourcesBuildPhase section */
		63698C5C298C088000245511 /* Resources */ = {
			isa = PBXResourcesBuildPhase;
			buildActionMask = 2147483647;
			files = (
				63F15FC5298D8DB600B46231 /* firstNames.json in Resources */,
				63698C6E298C088400245511 /* LaunchScreen.storyboard in Resources */,
				63F15FAC298CB64200B46231 /* ListImageTableViewCell.xib in Resources */,
				63698C6B298C088400245511 /* Assets.xcassets in Resources */,
				63F15FB4298D7BDB00B46231 /* Detail.storyboard in Resources */,
				63698C69298C088000245511 /* Main.storyboard in Resources */,
				63F15FBD298D8B4A00B46231 /* verbs.json in Resources */,
				63F15FC3298D8D7500B46231 /* lastNames.json in Resources */,
				63F15FBB298D8B2500B46231 /* nouns.json in Resources */,
				63F15FD5298DA57100B46231 /* CommentTableViewCell.xib in Resources */,
			);
			runOnlyForDeploymentPostprocessing = 0;
		};
		63F15F98298CAD1B00B46231 /* Resources */ = {
			isa = PBXResourcesBuildPhase;
			buildActionMask = 2147483647;
			files = (
				63F15FCA298D960F00B46231 /* verbs.json in Resources */,
				63F15FC9298D95FA00B46231 /* nouns.json in Resources */,
				63F15FCB298D961200B46231 /* lastNames.json in Resources */,
				63F15FCC298D961700B46231 /* firstNames.json in Resources */,
			);
			runOnlyForDeploymentPostprocessing = 0;
		};
/* End PBXResourcesBuildPhase section */

/* Begin PBXSourcesBuildPhase section */
		63698C5A298C088000245511 /* Sources */ = {
			isa = PBXSourcesBuildPhase;
			buildActionMask = 2147483647;
			files = (
				63698C66298C088000245511 /* MainScreenViewController.swift in Sources */,
				63F15FAF298CB6A400B46231 /* UITableViewCell+Extension.swift in Sources */,
				63F15FC1298D8D1000B46231 /* CommentGenerator.swift in Sources */,
				63F15FE6298F55D700B46231 /* DetailCommentProvider.swift in Sources */,
				63F15FE3298F558500B46231 /* CoreDataManager.swift in Sources */,
				63F15FD0298DA13400B46231 /* Comment.swift in Sources */,
				63F15FAB298CB64200B46231 /* ListImageTableViewCell.swift in Sources */,
				63F15FDA298DC34900B46231 /* DetailHeaderView.swift in Sources */,
				63F15FE1298F52A500B46231 /* ImageBrowser.xcdatamodeld in Sources */,
				63F15FD7298DBF1800B46231 /* DetailScreenViewModel.swift in Sources */,
				63F15FB6298D7BF600B46231 /* DetailScreenViewController.swift in Sources */,
				63F15FEC298FAA0100B46231 /* RelativeDate.swift in Sources */,
				63EDCEF3298C0F3F00B52114 /* MainScreenViewModel.swift in Sources */,
				63F15FD4298DA57100B46231 /* CommentTableViewCell.swift in Sources */,
				63698C62298C088000245511 /* AppDelegate.swift in Sources */,
				63698C64298C088000245511 /* SceneDelegate.swift in Sources */,
				63EDCEFD298C1C0900B52114 /* ImageListApi.swift in Sources */,
				63F15FB1298CC3E700B46231 /* UIImageView+Extension.swift in Sources */,
				63EDCF00298C96BC00B52114 /* Config.swift in Sources */,
				63EDCEFA298C1BB700B52114 /* Service.swift in Sources */,
				63EDCF03298C9F1200B52114 /* ImageListResponse.swift in Sources */,
			);
			runOnlyForDeploymentPostprocessing = 0;
		};
		63F15F96298CAD1B00B46231 /* Sources */ = {
			isa = PBXSourcesBuildPhase;
			buildActionMask = 2147483647;
			files = (
				63F15FD1298DA13400B46231 /* Comment.swift in Sources */,
				63F15FA6298CAE4200B46231 /* MainScreenVMTest.swift in Sources */,
				63F15FED298FAA0100B46231 /* RelativeDate.swift in Sources */,
				63F15FF2298FE73100B46231 /* ImageListApi.swift in Sources */,
				63F15FDC298DD6ED00B46231 /* DetailViewModelTest.swift in Sources */,
				63F15FE7298F55D700B46231 /* DetailCommentProvider.swift in Sources */,
				63F15FF1298FE70A00B46231 /* MainScreenViewModel.swift in Sources */,
				63F15FDD298EAE1600B46231 /* CommentTableViewCell.swift in Sources */,
				63F15FF3298FE74700B46231 /* ImageListResponse.swift in Sources */,
				63F15FEA298FA14B00B46231 /* Config.swift in Sources */,
				63F15FF4298FE75900B46231 /* Service.swift in Sources */,
				63F15FE9298F579A00B46231 /* DetailCommentProviderTest.swift in Sources */,
				63F15FA4298CAD4500B46231 /* MainScreenApiTest.swift in Sources */,
				63F15FEF298FAA6700B46231 /* RelativeDateTest.swift in Sources */,
				63F15FC8298D8EF100B46231 /* CommentGeneratorResourceTest.swift in Sources */,
				63F15FE4298F558500B46231 /* CoreDataManager.swift in Sources */,
				63F15FF0298FB46400B46231 /* CommentGenerator.swift in Sources */,
				63F15FCE298D96E300B46231 /* ResourceCommentTest.swift in Sources */,
				63F15FD8298DBF1800B46231 /* DetailScreenViewModel.swift in Sources */,
			);
			runOnlyForDeploymentPostprocessing = 0;
		};
/* End PBXSourcesBuildPhase section */

/* Begin PBXTargetDependency section */
		63F15F9F298CAD1B00B46231 /* PBXTargetDependency */ = {
			isa = PBXTargetDependency;
			target = 63698C5D298C088000245511 /* Image Browser */;
			targetProxy = 63F15F9E298CAD1B00B46231 /* PBXContainerItemProxy */;
		};
/* End PBXTargetDependency section */

/* Begin PBXVariantGroup section */
		63698C67298C088000245511 /* Main.storyboard */ = {
			isa = PBXVariantGroup;
			children = (
				63698C68298C088000245511 /* Base */,
			);
			name = Main.storyboard;
			sourceTree = "<group>";
		};
		63698C6C298C088400245511 /* LaunchScreen.storyboard */ = {
			isa = PBXVariantGroup;
			children = (
				63698C6D298C088400245511 /* Base */,
			);
			name = LaunchScreen.storyboard;
			sourceTree = "<group>";
		};
/* End PBXVariantGroup section */

/* Begin XCBuildConfiguration section */
		63698C70298C088400245511 /* Debug */ = {
			isa = XCBuildConfiguration;
			buildSettings = {
				ALWAYS_SEARCH_USER_PATHS = NO;
				CLANG_ANALYZER_NONNULL = YES;
				CLANG_ANALYZER_NUMBER_OBJECT_CONVERSION = YES_AGGRESSIVE;
				CLANG_CXX_LANGUAGE_STANDARD = "gnu++20";
				CLANG_ENABLE_MODULES = YES;
				CLANG_ENABLE_OBJC_ARC = YES;
				CLANG_ENABLE_OBJC_WEAK = YES;
				CLANG_WARN_BLOCK_CAPTURE_AUTORELEASING = YES;
				CLANG_WARN_BOOL_CONVERSION = YES;
				CLANG_WARN_COMMA = YES;
				CLANG_WARN_CONSTANT_CONVERSION = YES;
				CLANG_WARN_DEPRECATED_OBJC_IMPLEMENTATIONS = YES;
				CLANG_WARN_DIRECT_OBJC_ISA_USAGE = YES_ERROR;
				CLANG_WARN_DOCUMENTATION_COMMENTS = YES;
				CLANG_WARN_EMPTY_BODY = YES;
				CLANG_WARN_ENUM_CONVERSION = YES;
				CLANG_WARN_INFINITE_RECURSION = YES;
				CLANG_WARN_INT_CONVERSION = YES;
				CLANG_WARN_NON_LITERAL_NULL_CONVERSION = YES;
				CLANG_WARN_OBJC_IMPLICIT_RETAIN_SELF = YES;
				CLANG_WARN_OBJC_LITERAL_CONVERSION = YES;
				CLANG_WARN_OBJC_ROOT_CLASS = YES_ERROR;
				CLANG_WARN_QUOTED_INCLUDE_IN_FRAMEWORK_HEADER = YES;
				CLANG_WARN_RANGE_LOOP_ANALYSIS = YES;
				CLANG_WARN_STRICT_PROTOTYPES = YES;
				CLANG_WARN_SUSPICIOUS_MOVE = YES;
				CLANG_WARN_UNGUARDED_AVAILABILITY = YES_AGGRESSIVE;
				CLANG_WARN_UNREACHABLE_CODE = YES;
				CLANG_WARN__DUPLICATE_METHOD_MATCH = YES;
				COPY_PHASE_STRIP = NO;
				DEBUG_INFORMATION_FORMAT = dwarf;
				ENABLE_STRICT_OBJC_MSGSEND = YES;
				ENABLE_TESTABILITY = YES;
				GCC_C_LANGUAGE_STANDARD = gnu11;
				GCC_DYNAMIC_NO_PIC = NO;
				GCC_NO_COMMON_BLOCKS = YES;
				GCC_OPTIMIZATION_LEVEL = 0;
				GCC_PREPROCESSOR_DEFINITIONS = (
					"DEBUG=1",
					"$(inherited)",
				);
				GCC_WARN_64_TO_32_BIT_CONVERSION = YES;
				GCC_WARN_ABOUT_RETURN_TYPE = YES_ERROR;
				GCC_WARN_UNDECLARED_SELECTOR = YES;
				GCC_WARN_UNINITIALIZED_AUTOS = YES_AGGRESSIVE;
				GCC_WARN_UNUSED_FUNCTION = YES;
				GCC_WARN_UNUSED_VARIABLE = YES;
				IPHONEOS_DEPLOYMENT_TARGET = 13.0;
				MTL_ENABLE_DEBUG_INFO = INCLUDE_SOURCE;
				MTL_FAST_MATH = YES;
				ONLY_ACTIVE_ARCH = YES;
				SDKROOT = iphoneos;
				SWIFT_ACTIVE_COMPILATION_CONDITIONS = DEBUG;
				SWIFT_OPTIMIZATION_LEVEL = "-Onone";
			};
			name = Debug;
		};
		63698C71298C088400245511 /* Release */ = {
			isa = XCBuildConfiguration;
			buildSettings = {
				ALWAYS_SEARCH_USER_PATHS = NO;
				CLANG_ANALYZER_NONNULL = YES;
				CLANG_ANALYZER_NUMBER_OBJECT_CONVERSION = YES_AGGRESSIVE;
				CLANG_CXX_LANGUAGE_STANDARD = "gnu++20";
				CLANG_ENABLE_MODULES = YES;
				CLANG_ENABLE_OBJC_ARC = YES;
				CLANG_ENABLE_OBJC_WEAK = YES;
				CLANG_WARN_BLOCK_CAPTURE_AUTORELEASING = YES;
				CLANG_WARN_BOOL_CONVERSION = YES;
				CLANG_WARN_COMMA = YES;
				CLANG_WARN_CONSTANT_CONVERSION = YES;
				CLANG_WARN_DEPRECATED_OBJC_IMPLEMENTATIONS = YES;
				CLANG_WARN_DIRECT_OBJC_ISA_USAGE = YES_ERROR;
				CLANG_WARN_DOCUMENTATION_COMMENTS = YES;
				CLANG_WARN_EMPTY_BODY = YES;
				CLANG_WARN_ENUM_CONVERSION = YES;
				CLANG_WARN_INFINITE_RECURSION = YES;
				CLANG_WARN_INT_CONVERSION = YES;
				CLANG_WARN_NON_LITERAL_NULL_CONVERSION = YES;
				CLANG_WARN_OBJC_IMPLICIT_RETAIN_SELF = YES;
				CLANG_WARN_OBJC_LITERAL_CONVERSION = YES;
				CLANG_WARN_OBJC_ROOT_CLASS = YES_ERROR;
				CLANG_WARN_QUOTED_INCLUDE_IN_FRAMEWORK_HEADER = YES;
				CLANG_WARN_RANGE_LOOP_ANALYSIS = YES;
				CLANG_WARN_STRICT_PROTOTYPES = YES;
				CLANG_WARN_SUSPICIOUS_MOVE = YES;
				CLANG_WARN_UNGUARDED_AVAILABILITY = YES_AGGRESSIVE;
				CLANG_WARN_UNREACHABLE_CODE = YES;
				CLANG_WARN__DUPLICATE_METHOD_MATCH = YES;
				COPY_PHASE_STRIP = NO;
				DEBUG_INFORMATION_FORMAT = "dwarf-with-dsym";
				ENABLE_NS_ASSERTIONS = NO;
				ENABLE_STRICT_OBJC_MSGSEND = YES;
				GCC_C_LANGUAGE_STANDARD = gnu11;
				GCC_NO_COMMON_BLOCKS = YES;
				GCC_WARN_64_TO_32_BIT_CONVERSION = YES;
				GCC_WARN_ABOUT_RETURN_TYPE = YES_ERROR;
				GCC_WARN_UNDECLARED_SELECTOR = YES;
				GCC_WARN_UNINITIALIZED_AUTOS = YES_AGGRESSIVE;
				GCC_WARN_UNUSED_FUNCTION = YES;
				GCC_WARN_UNUSED_VARIABLE = YES;
				IPHONEOS_DEPLOYMENT_TARGET = 13.0;
				MTL_ENABLE_DEBUG_INFO = NO;
				MTL_FAST_MATH = YES;
				SDKROOT = iphoneos;
				SWIFT_COMPILATION_MODE = wholemodule;
				SWIFT_OPTIMIZATION_LEVEL = "-O";
				VALIDATE_PRODUCT = YES;
			};
			name = Release;
		};
		63698C73298C088400245511 /* Debug */ = {
			isa = XCBuildConfiguration;
			buildSettings = {
				ASSETCATALOG_COMPILER_APPICON_NAME = AppIcon;
				ASSETCATALOG_COMPILER_GLOBAL_ACCENT_COLOR_NAME = AccentColor;
				CODE_SIGN_STYLE = Automatic;
				CURRENT_PROJECT_VERSION = 1;
				GENERATE_INFOPLIST_FILE = YES;
				INFOPLIST_FILE = "Image Browser/Info.plist";
				INFOPLIST_KEY_UIApplicationSupportsIndirectInputEvents = YES;
				INFOPLIST_KEY_UILaunchStoryboardName = LaunchScreen;
				INFOPLIST_KEY_UIMainStoryboardFile = Main;
				INFOPLIST_KEY_UISupportedInterfaceOrientations = UIInterfaceOrientationPortrait;
				IPHONEOS_DEPLOYMENT_TARGET = 13.0;
				LD_RUNPATH_SEARCH_PATHS = (
					"$(inherited)",
					"@executable_path/Frameworks",
				);
				MARKETING_VERSION = 1.0;
				PRODUCT_BUNDLE_IDENTIFIER = "com.giri.Image-Browser";
				PRODUCT_NAME = "$(TARGET_NAME)";
				SUPPORTED_PLATFORMS = "iphoneos iphonesimulator";
				SUPPORTS_MACCATALYST = NO;
				SUPPORTS_MAC_DESIGNED_FOR_IPHONE_IPAD = NO;
				SWIFT_EMIT_LOC_STRINGS = YES;
				SWIFT_VERSION = 5.0;
				TARGETED_DEVICE_FAMILY = 1;
			};
			name = Debug;
		};
		63698C74298C088400245511 /* Release */ = {
			isa = XCBuildConfiguration;
			buildSettings = {
				ASSETCATALOG_COMPILER_APPICON_NAME = AppIcon;
				ASSETCATALOG_COMPILER_GLOBAL_ACCENT_COLOR_NAME = AccentColor;
				CODE_SIGN_STYLE = Automatic;
				CURRENT_PROJECT_VERSION = 1;
				GENERATE_INFOPLIST_FILE = YES;
				INFOPLIST_FILE = "Image Browser/Info.plist";
				INFOPLIST_KEY_UIApplicationSupportsIndirectInputEvents = YES;
				INFOPLIST_KEY_UILaunchStoryboardName = LaunchScreen;
				INFOPLIST_KEY_UIMainStoryboardFile = Main;
				INFOPLIST_KEY_UISupportedInterfaceOrientations = UIInterfaceOrientationPortrait;
				IPHONEOS_DEPLOYMENT_TARGET = 13.0;
				LD_RUNPATH_SEARCH_PATHS = (
					"$(inherited)",
					"@executable_path/Frameworks",
				);
				MARKETING_VERSION = 1.0;
				PRODUCT_BUNDLE_IDENTIFIER = "com.giri.Image-Browser";
				PRODUCT_NAME = "$(TARGET_NAME)";
				SUPPORTED_PLATFORMS = "iphoneos iphonesimulator";
				SUPPORTS_MACCATALYST = NO;
				SUPPORTS_MAC_DESIGNED_FOR_IPHONE_IPAD = NO;
				SWIFT_EMIT_LOC_STRINGS = YES;
				SWIFT_VERSION = 5.0;
				TARGETED_DEVICE_FAMILY = 1;
			};
			name = Release;
		};
		63F15FA1298CAD1B00B46231 /* Debug */ = {
			isa = XCBuildConfiguration;
			buildSettings = {
				BUNDLE_LOADER = "$(TEST_HOST)";
				CODE_SIGN_STYLE = Automatic;
				CURRENT_PROJECT_VERSION = 1;
				GENERATE_INFOPLIST_FILE = YES;
				IPHONEOS_DEPLOYMENT_TARGET = 16.2;
				MARKETING_VERSION = 1.0;
				PRODUCT_BUNDLE_IDENTIFIER = "com.giri.Image-BrowserTests";
				PRODUCT_NAME = "$(TARGET_NAME)";
				SWIFT_EMIT_LOC_STRINGS = NO;
				SWIFT_VERSION = 5.0;
				TARGETED_DEVICE_FAMILY = "1,2";
				TEST_HOST = "$(BUILT_PRODUCTS_DIR)/Image Browser.app/$(BUNDLE_EXECUTABLE_FOLDER_PATH)/Image Browser";
			};
			name = Debug;
		};
		63F15FA2298CAD1B00B46231 /* Release */ = {
			isa = XCBuildConfiguration;
			buildSettings = {
				BUNDLE_LOADER = "$(TEST_HOST)";
				CODE_SIGN_STYLE = Automatic;
				CURRENT_PROJECT_VERSION = 1;
				GENERATE_INFOPLIST_FILE = YES;
				IPHONEOS_DEPLOYMENT_TARGET = 16.2;
				MARKETING_VERSION = 1.0;
				PRODUCT_BUNDLE_IDENTIFIER = "com.giri.Image-BrowserTests";
				PRODUCT_NAME = "$(TARGET_NAME)";
				SWIFT_EMIT_LOC_STRINGS = NO;
				SWIFT_VERSION = 5.0;
				TARGETED_DEVICE_FAMILY = "1,2";
				TEST_HOST = "$(BUILT_PRODUCTS_DIR)/Image Browser.app/$(BUNDLE_EXECUTABLE_FOLDER_PATH)/Image Browser";
			};
			name = Release;
		};
/* End XCBuildConfiguration section */

/* Begin XCConfigurationList section */
		63698C59298C088000245511 /* Build configuration list for PBXProject "Image Browser" */ = {
			isa = XCConfigurationList;
			buildConfigurations = (
				63698C70298C088400245511 /* Debug */,
				63698C71298C088400245511 /* Release */,
			);
			defaultConfigurationIsVisible = 0;
			defaultConfigurationName = Release;
		};
		63698C72298C088400245511 /* Build configuration list for PBXNativeTarget "Image Browser" */ = {
			isa = XCConfigurationList;
			buildConfigurations = (
				63698C73298C088400245511 /* Debug */,
				63698C74298C088400245511 /* Release */,
			);
			defaultConfigurationIsVisible = 0;
			defaultConfigurationName = Release;
		};
		63F15FA0298CAD1B00B46231 /* Build configuration list for PBXNativeTarget "Image BrowserTests" */ = {
			isa = XCConfigurationList;
			buildConfigurations = (
				63F15FA1298CAD1B00B46231 /* Debug */,
				63F15FA2298CAD1B00B46231 /* Release */,
			);
			defaultConfigurationIsVisible = 0;
			defaultConfigurationName = Release;
		};
/* End XCConfigurationList section */

/* Begin XCVersionGroup section */
		63F15FDF298F52A500B46231 /* ImageBrowser.xcdatamodeld */ = {
			isa = XCVersionGroup;
			children = (
				63F15FE0298F52A500B46231 /* ImageBrowser.xcdatamodel */,
			);
			currentVersion = 63F15FE0298F52A500B46231 /* ImageBrowser.xcdatamodel */;
			path = ImageBrowser.xcdatamodeld;
			sourceTree = "<group>";
			versionGroupType = wrapper.xcdatamodel;
		};
/* End XCVersionGroup section */
	};
	rootObject = 63698C56298C088000245511 /* Project object */;
}
